
Microsoft Visual Studio Solution File, Format Version 12.00
# Visual Studio Version 16
VisualStudioVersion = 16.0.28407.52
MinimumVisualStudioVersion = 10.0.40219.1
Project("{2150E333-8FDC-42A3-9474-1A3956D46DE8}") = "SolutionItems", "SolutionItems", "{C20E9A6E-E41B-4CA0-887D-42D23994BAF8}"
	ProjectSection(SolutionItems) = preProject
		README.md = README.md
		TODO1.md = TODO1.md
		TODO2.md = TODO2.md
		TODO3.md = TODO3.md
		TODO4.md = TODO4.md
	EndProjectSection
EndProject
Project("{9A19103F-16F7-4668-BE54-9A1E7A4F7556}") = "ContractAnalyzerKata.ContractAnalyzer.Tests", "ContractAnalyzerKata.ContractAnalyzer.Tests\ContractAnalyzerKata.ContractAnalyzer.Tests.csproj", "{56CCC729-C674-4E15-BCF5-DE2AC267D560}"
EndProject
Project("{9A19103F-16F7-4668-BE54-9A1E7A4F7556}") = "ExternalLibrary.FraudDetector", "ExternalLibrary.FraudDetector\ExternalLibrary.FraudDetector.csproj", "{3387B90D-62E7-46AE-BED5-873072D2B42D}"
EndProject
Project("{9A19103F-16F7-4668-BE54-9A1E7A4F7556}") = "ContractAnalyzerKata.ContractAnalyzer", "ContractAnalyzerKata.ContractAnalyzer\ContractAnalyzerKata.ContractAnalyzer.csproj", "{C7DC6650-8A66-4FE2-B02A-A2BFC61183D0}"
EndProject
Global
	GlobalSection(SolutionConfigurationPlatforms) = preSolution
		Debug|Any CPU = Debug|Any CPU
		Release|Any CPU = Release|Any CPU
	EndGlobalSection
	GlobalSection(ProjectConfigurationPlatforms) = postSolution
		{56CCC729-C674-4E15-BCF5-DE2AC267D560}.Debug|Any CPU.ActiveCfg = Debug|Any CPU
		{56CCC729-C674-4E15-BCF5-DE2AC267D560}.Debug|Any CPU.Build.0 = Debug|Any CPU
		{56CCC729-C674-4E15-BCF5-DE2AC267D560}.Release|Any CPU.ActiveCfg = Release|Any CPU
		{56CCC729-C674-4E15-BCF5-DE2AC267D560}.Release|Any CPU.Build.0 = Release|Any CPU
		{3387B90D-62E7-46AE-BED5-873072D2B42D}.Debug|Any CPU.ActiveCfg = Debug|Any CPU
		{3387B90D-62E7-46AE-BED5-873072D2B42D}.Debug|Any CPU.Build.0 = Debug|Any CPU
		{3387B90D-62E7-46AE-BED5-873072D2B42D}.Release|Any CPU.ActiveCfg = Release|Any CPU
		{3387B90D-62E7-46AE-BED5-873072D2B42D}.Release|Any CPU.Build.0 = Release|Any CPU
		{C7DC6650-8A66-4FE2-B02A-A2BFC61183D0}.Debug|Any CPU.ActiveCfg = Debug|Any CPU
		{C7DC6650-8A66-4FE2-B02A-A2BFC61183D0}.Debug|Any CPU.Build.0 = Debug|Any CPU
		{C7DC6650-8A66-4FE2-B02A-A2BFC61183D0}.Release|Any CPU.ActiveCfg = Release|Any CPU
		{C7DC6650-8A66-4FE2-B02A-A2BFC61183D0}.Release|Any CPU.Build.0 = Release|Any CPU
	EndGlobalSection
	GlobalSection(SolutionProperties) = preSolution
		HideSolutionNode = FALSE
	EndGlobalSection
	GlobalSection(ExtensibilityGlobals) = postSolution
		SolutionGuid = {7305F922-7D53-480B-A897-1650ECCFF2CF}
	EndGlobalSection
EndGlobal
